# Generated by pub
# See https://dart.dev/tools/pub/glossary#lockfile
packages:
  archive:
    dependency: transitive
    description:
      name: archive
      url: "https://pub.dartlang.org"
    source: hosted
    version: "2.0.13"
  args:
    dependency: transitive
    description:
      name: args
      url: "https://pub.dartlang.org"
    source: hosted
    version: "1.6.0"
  async:
    dependency: transitive
    description:
      name: async
      url: "https://pub.dartlang.org"
    source: hosted
    version: "2.4.1"
  bloc:
    dependency: transitive
    description:
      name: bloc
      url: "https://pub.dartlang.org"
    source: hosted
    version: "3.0.0"
  boolean_selector:
    dependency: transitive
    description:
      name: boolean_selector
      url: "https://pub.dartlang.org"
    source: hosted
    version: "2.0.0"
  built_collection:
    dependency: transitive
    description:
      name: built_collection
      url: "https://pub.dartlang.org"
    source: hosted
    version: "4.3.2"
  built_value:
    dependency: transitive
    description:
      name: built_value
      url: "https://pub.dartlang.org"
    source: hosted
    version: "7.0.9"
  characters:
    dependency: transitive
    description:
      name: characters
      url: "https://pub.dartlang.org"
    source: hosted
    version: "0.5.0"
  charcode:
    dependency: transitive
    description:
      name: charcode
      url: "https://pub.dartlang.org"
    source: hosted
    version: "1.1.3"
  charts_common:
    dependency: transitive
    description:
      name: charts_common
      url: "https://pub.dartlang.org"
    source: hosted
    version: "0.9.0"
  charts_flutter:
    dependency: "direct dev"
    description:
      name: charts_flutter
      url: "https://pub.dartlang.org"
    source: hosted
    version: "0.9.0"
  cloud_firestore:
    dependency: "direct dev"
    description:
      name: cloud_firestore
      url: "https://pub.dartlang.org"
    source: hosted
    version: "0.13.4"
  cloud_firestore_platform_interface:
    dependency: transitive
    description:
      name: cloud_firestore_platform_interface
      url: "https://pub.dartlang.org"
    source: hosted
    version: "1.1.0"
  cloud_firestore_web:
    dependency: transitive
    description:
      name: cloud_firestore_web
      url: "https://pub.dartlang.org"
    source: hosted
    version: "0.1.1+2"
  collection:
    dependency: transitive
    description:
      name: collection
      url: "https://pub.dartlang.org"
    source: hosted
    version: "1.14.12"
  connectivity:
    dependency: transitive
    description:
      name: connectivity
      url: "https://pub.dartlang.org"
    source: hosted
    version: "0.4.8+2"
  connectivity_macos:
    dependency: transitive
    description:
      name: connectivity_macos
      url: "https://pub.dartlang.org"
    source: hosted
    version: "0.1.0+2"
  connectivity_platform_interface:
    dependency: transitive
    description:
      name: connectivity_platform_interface
      url: "https://pub.dartlang.org"
    source: hosted
    version: "1.0.3"
  convert:
    dependency: transitive
    description:
      name: convert
      url: "https://pub.dartlang.org"
    source: hosted
    version: "2.1.1"
  crypto:
    dependency: transitive
    description:
      name: crypto
      url: "https://pub.dartlang.org"
    source: hosted
    version: "2.1.4"
  cupertino_icons:
    dependency: "direct main"
    description:
      name: cupertino_icons
      url: "https://pub.dartlang.org"
    source: hosted
    version: "0.1.3"
  date_range_picker:
    dependency: transitive
    description:
      name: date_range_picker
      url: "https://pub.dartlang.org"
    source: hosted
    version: "1.0.6"
  datetime_picker_formfield:
    dependency: transitive
    description:
      name: datetime_picker_formfield
      url: "https://pub.dartlang.org"
    source: hosted
    version: "1.0.0"
  device_info:
    dependency: transitive
    description:
      name: device_info
      url: "https://pub.dartlang.org"
    source: hosted
    version: "0.4.2+1"
  devicelocale:
    dependency: transitive
    description:
      name: devicelocale
      url: "https://pub.dartlang.org"
    source: hosted
    version: "0.2.3"
  dropdown_formfield:
    dependency: "direct dev"
    description:
      name: dropdown_formfield
      url: "https://pub.dartlang.org"
    source: hosted
    version: "0.1.1"
  dropdownfield:
    dependency: "direct dev"
    description:
      name: dropdownfield
      url: "https://pub.dartlang.org"
    source: hosted
    version: "1.0.3"
  equatable:
    dependency: transitive
    description:
      name: equatable
      url: "https://pub.dartlang.org"
    source: hosted
    version: "1.0.2"
  firebase:
    dependency: transitive
    description:
      name: firebase
      url: "https://pub.dartlang.org"
    source: hosted
    version: "7.3.0"
  firebase_auth:
    dependency: "direct dev"
    description:
      name: firebase_auth
      url: "https://pub.dartlang.org"
    source: hosted
    version: "0.15.4"
  firebase_auth_platform_interface:
    dependency: transitive
    description:
      name: firebase_auth_platform_interface
      url: "https://pub.dartlang.org"
    source: hosted
    version: "1.1.7"
  firebase_auth_web:
    dependency: transitive
    description:
      name: firebase_auth_web
      url: "https://pub.dartlang.org"
    source: hosted
    version: "0.1.2"
  firebase_core:
    dependency: "direct dev"
    description:
      name: firebase_core
      url: "https://pub.dartlang.org"
    source: hosted
    version: "0.4.4"
  firebase_core_platform_interface:
    dependency: transitive
    description:
      name: firebase_core_platform_interface
      url: "https://pub.dartlang.org"
    source: hosted
    version: "1.0.4"
  firebase_core_web:
    dependency: transitive
    description:
      name: firebase_core_web
      url: "https://pub.dartlang.org"
    source: hosted
    version: "0.1.1+2"
  firebase_storage:
    dependency: "direct dev"
    description:
      name: firebase_storage
      url: "https://pub.dartlang.org"
    source: hosted
    version: "3.1.3"
  fixnum:
    dependency: transitive
    description:
      name: fixnum
      url: "https://pub.dartlang.org"
    source: hosted
    version: "0.10.11"
  flare_dart:
    dependency: transitive
    description:
      name: flare_dart
      url: "https://pub.dartlang.org"
    source: hosted
    version: "2.3.4"
  flare_flutter:
    dependency: "direct dev"
    description:
      name: flare_flutter
      url: "https://pub.dartlang.org"
    source: hosted
    version: "2.0.3"
  flare_loading:
    dependency: transitive
    description:
      name: flare_loading
      url: "https://pub.dartlang.org"
    source: hosted
    version: "2.1.1"
  flare_splash_screen:
    dependency: "direct dev"
    description:
      name: flare_splash_screen
      url: "https://pub.dartlang.org"
    source: hosted
    version: "3.0.1"
  flutter:
    dependency: "direct main"
    description: flutter
    source: sdk
    version: "0.0.0"
  flutter_bloc:
    dependency: "direct dev"
    description:
      name: flutter_bloc
      url: "https://pub.dartlang.org"
    source: hosted
    version: "3.2.0"
  flutter_chips_input:
    dependency: transitive
    description:
      name: flutter_chips_input
      url: "https://pub.dartlang.org"
    source: hosted
    version: "1.7.0"
  flutter_colorpicker:
    dependency: transitive
    description:
      name: flutter_colorpicker
      url: "https://pub.dartlang.org"
    source: hosted
    version: "0.3.2"
  flutter_contact:
    dependency: "direct dev"
    description:
      name: flutter_contact
      url: "https://pub.dartlang.org"
    source: hosted
    version: "0.5.3"
  flutter_cupertino_date_picker:
    dependency: "direct dev"
    description:
      name: flutter_cupertino_date_picker
      url: "https://pub.dartlang.org"
    source: hosted
    version: "1.0.12"
  flutter_form_builder:
    dependency: "direct dev"
    description:
      name: flutter_form_builder
      url: "https://pub.dartlang.org"
    source: hosted
    version: "3.8.2"
  flutter_keyboard_visibility:
    dependency: transitive
    description:
      name: flutter_keyboard_visibility
      url: "https://pub.dartlang.org"
    source: hosted
    version: "0.7.0"
  flutter_native_timezone:
    dependency: transitive
    description:
      name: flutter_native_timezone
      url: "https://pub.dartlang.org"
    source: hosted
    version: "1.0.4"
  flutter_offline:
    dependency: "direct dev"
    description:
      name: flutter_offline
      url: "https://pub.dartlang.org"
    source: hosted
    version: "0.3.0"
  flutter_open_whatsapp:
    dependency: "direct dev"
    description:
      name: flutter_open_whatsapp
      url: "https://pub.dartlang.org"
    source: hosted
    version: "0.1.2"
  flutter_plugin_android_lifecycle:
    dependency: transitive
    description:
      name: flutter_plugin_android_lifecycle
      url: "https://pub.dartlang.org"
    source: hosted
    version: "1.0.6"
  flutter_rating_bar:
    dependency: "direct dev"
    description:
      name: flutter_rating_bar
      url: "https://pub.dartlang.org"
    source: hosted
    version: "3.0.1+1"
  flutter_test:
    dependency: "direct dev"
    description: flutter
    source: sdk
    version: "0.0.0"
  flutter_touch_spin:
    dependency: transitive
    description:
      name: flutter_touch_spin
      url: "https://pub.dartlang.org"
    source: hosted
    version: "1.0.1"
  flutter_typeahead:
    dependency: transitive
    description:
      name: flutter_typeahead
      url: "https://pub.dartlang.org"
    source: hosted
    version: "1.8.0"
  flutter_web_plugins:
    dependency: transitive
    description: flutter
    source: sdk
    version: "0.0.0"
  geocoder:
    dependency: "direct dev"
    description:
      name: geocoder
      url: "https://pub.dartlang.org"
    source: hosted
    version: "0.2.1"
  geolocator:
    dependency: "direct dev"
    description:
      name: geolocator
      url: "https://pub.dartlang.org"
    source: hosted
    version: "5.2.1"
  google_api_availability:
    dependency: transitive
    description:
      name: google_api_availability
      url: "https://pub.dartlang.org"
    source: hosted
    version: "2.0.4"
  google_maps_flutter:
    dependency: "direct dev"
    description:
      name: google_maps_flutter
      url: "https://pub.dartlang.org"
    source: hosted
    version: "0.5.25+3"
  http:
    dependency: transitive
    description:
      name: http
      url: "https://pub.dartlang.org"
    source: hosted
    version: "0.12.0+4"
  http_parser:
    dependency: transitive
    description:
      name: http_parser
      url: "https://pub.dartlang.org"
    source: hosted
    version: "3.1.4"
  image:
    dependency: transitive
    description:
      name: image
      url: "https://pub.dartlang.org"
    source: hosted
    version: "2.1.12"
  image_picker:
    dependency: "direct dev"
    description:
      name: image_picker
      url: "https://pub.dartlang.org"
    source: hosted
    version: "0.6.5"
  inflection2:
    dependency: transitive
    description:
      name: inflection2
      url: "https://pub.dartlang.org"
    source: hosted
    version: "0.4.3"
  intl:
    dependency: "direct dev"
    description:
      name: intl
      url: "https://pub.dartlang.org"
    source: hosted
    version: "0.16.1"
  isolate:
    dependency: transitive
    description:
      name: isolate
      url: "https://pub.dartlang.org"
    source: hosted
    version: "2.0.3"
  js:
    dependency: transitive
    description:
      name: js
      url: "https://pub.dartlang.org"
    source: hosted
    version: "0.6.1+1"
  libphonenumber:
    dependency: transitive
    description:
      name: libphonenumber
      url: "https://pub.dartlang.org"
    source: hosted
    version: "1.0.1"
  link:
    dependency: "direct dev"
    description:
      name: link
      url: "https://pub.dartlang.org"
    source: hosted
    version: "1.1.0"
  location:
    dependency: "direct dev"
    description:
      name: location
      url: "https://pub.dartlang.org"
    source: hosted
    version: "3.0.2"
  location_permissions:
    dependency: transitive
    description:
      name: location_permissions
      url: "https://pub.dartlang.org"
    source: hosted
    version: "2.0.5"
  location_platform_interface:
    dependency: transitive
    description:
      name: location_platform_interface
      url: "https://pub.dartlang.org"
    source: hosted
    version: "1.0.0"
  location_web:
    dependency: transitive
    description:
      name: location_web
      url: "https://pub.dartlang.org"
    source: hosted
    version: "1.0.0"
  logging:
    dependency: transitive
    description:
      name: logging
      url: "https://pub.dartlang.org"
    source: hosted
    version: "0.11.4"
  logging_config:
    dependency: transitive
    description:
      name: logging_config
      url: "https://pub.dartlang.org"
    source: hosted
    version: "0.4.7"
  lottie:
    dependency: "direct dev"
    description:
      name: lottie
      url: "https://pub.dartlang.org"
    source: hosted
    version: "0.3.3"
  matcher:
    dependency: transitive
    description:
      name: matcher
      url: "https://pub.dartlang.org"
    source: hosted
    version: "0.12.6"
  meta:
    dependency: transitive
    description:
      name: meta
      url: "https://pub.dartlang.org"
    source: hosted
    version: "1.1.8"
  nested:
    dependency: transitive
    description:
      name: nested
      url: "https://pub.dartlang.org"
    source: hosted
    version: "0.0.4"
  path:
    dependency: transitive
    description:
      name: path
      url: "https://pub.dartlang.org"
    source: hosted
    version: "1.6.4"
  pedantic:
    dependency: transitive
    description:
      name: pedantic
      url: "https://pub.dartlang.org"
    source: hosted
    version: "1.9.0"
  percent_indicator:
    dependency: "direct dev"
    description:
      name: percent_indicator
      url: "https://pub.dartlang.org"
    source: hosted
    version: "2.1.1+1"
  permission_handler:
    dependency: "direct dev"
    description:
      name: permission_handler
      url: "https://pub.dartlang.org"
    source: hosted
    version: "3.3.0"
  petitparser:
    dependency: transitive
    description:
      name: petitparser
      url: "https://pub.dartlang.org"
    source: hosted
    version: "2.4.0"
  platform_action_sheet:
    dependency: "direct dev"
    description:
      name: platform_action_sheet
      url: "https://pub.dartlang.org"
    source: hosted
    version: "0.0.3"
  platform_detect:
    dependency: transitive
    description:
      name: platform_detect
      url: "https://pub.dartlang.org"
    source: hosted
    version: "1.4.0"
  plugin_platform_interface:
    dependency: transitive
    description:
      name: plugin_platform_interface
      url: "https://pub.dartlang.org"
    source: hosted
    version: "1.0.2"
  popup_menu:
    dependency: "direct dev"
    description:
      name: popup_menu
      url: "https://pub.dartlang.org"
    source: hosted
    version: "1.0.5"
  provider:
    dependency: "direct dev"
    description:
      name: provider
      url: "https://pub.dartlang.org"
    source: hosted
    version: "4.0.5"
  pub_semver:
    dependency: transitive
    description:
      name: pub_semver
      url: "https://pub.dartlang.org"
    source: hosted
    version: "1.4.4"
  quiver:
    dependency: transitive
    description:
      name: quiver
      url: "https://pub.dartlang.org"
    source: hosted
    version: "2.1.3"
  recase:
    dependency: transitive
    description:
      name: recase
      url: "https://pub.dartlang.org"
    source: hosted
    version: "3.0.0"
  receive_sharing_intent:
    dependency: "direct dev"
    description:
      name: receive_sharing_intent
      url: "https://pub.dartlang.org"
    source: hosted
    version: "1.3.3"
  rxdart:
    dependency: transitive
    description:
      name: rxdart
      url: "https://pub.dartlang.org"
    source: hosted
    version: "0.23.1"
  sky_engine:
    dependency: transitive
    description: flutter
    source: sdk
    version: "0.0.99"
  source_span:
    dependency: transitive
    description:
      name: source_span
      url: "https://pub.dartlang.org"
    source: hosted
    version: "1.7.0"
  stack_trace:
    dependency: transitive
    description:
      name: stack_trace
      url: "https://pub.dartlang.org"
    source: hosted
    version: "1.9.3"
  stream_channel:
    dependency: transitive
    description:
      name: stream_channel
      url: "https://pub.dartlang.org"
    source: hosted
    version: "2.0.0"
  stream_transform:
    dependency: transitive
    description:
      name: stream_transform
      url: "https://pub.dartlang.org"
    source: hosted
    version: "1.2.0"
  string_scanner:
    dependency: transitive
    description:
      name: string_scanner
      url: "https://pub.dartlang.org"
    source: hosted
    version: "1.0.5"
  sunny_dart:
    dependency: transitive
    description:
      name: sunny_dart
      url: "https://pub.dartlang.org"
    source: hosted
    version: "0.5.6"
  sy_flutter_widgets:
    dependency: transitive
    description:
      name: sy_flutter_widgets
      url: "https://pub.dartlang.org"
    source: hosted
    version: "0.1.4"
  term_glyph:
    dependency: transitive
    description:
      name: term_glyph
      url: "https://pub.dartlang.org"
    source: hosted
    version: "1.1.0"
  test_api:
    dependency: transitive
    description:
      name: test_api
      url: "https://pub.dartlang.org"
    source: hosted
    version: "0.2.15"
  timezone:
    dependency: transitive
    description:
      name: timezone
      url: "https://pub.dartlang.org"
    source: hosted
    version: "0.5.6"
  typed_data:
    dependency: transitive
    description:
      name: typed_data
      url: "https://pub.dartlang.org"
    source: hosted
    version: "1.1.6"
  uri:
    dependency: transitive
    description:
      name: uri
      url: "https://pub.dartlang.org"
    source: hosted
    version: "0.11.3+1"
  url_launcher:
    dependency: "direct dev"
    description:
      name: url_launcher
      url: "https://pub.dartlang.org"
    source: hosted
    version: "5.4.2"
  url_launcher_macos:
    dependency: transitive
    description:
      name: url_launcher_macos
      url: "https://pub.dartlang.org"
    source: hosted
    version: "0.0.1+4"
  url_launcher_platform_interface:
    dependency: transitive
    description:
      name: url_launcher_platform_interface
      url: "https://pub.dartlang.org"
    source: hosted
    version: "1.0.6"
  url_launcher_web:
    dependency: transitive
    description:
      name: url_launcher_web
      url: "https://pub.dartlang.org"
    source: hosted
    version: "0.1.1+1"
  utf:
    dependency: transitive
    description:
      name: utf
      url: "https://pub.dartlang.org"
    source: hosted
    version: "0.9.0+5"
  uuid:
    dependency: transitive
    description:
      name: uuid
      url: "https://pub.dartlang.org"
    source: hosted
    version: "2.0.4"
  validators:
    dependency: transitive
    description:
      name: validators
      url: "https://pub.dartlang.org"
    source: hosted
    version: "2.0.0+1"
  vector_math:
    dependency: transitive
    description:
      name: vector_math
      url: "https://pub.dartlang.org"
    source: hosted
    version: "2.0.8"
  worker_service:
    dependency: transitive
    description:
      name: worker_service
      url: "https://pub.dartlang.org"
    source: hosted
    version: "0.5.2"
  xml:
    dependency: transitive
    description:
      name: xml
      url: "https://pub.dartlang.org"
    source: hosted
    version: "3.6.1"
sdks:
  dart: ">=2.7.0 <3.0.0"
  flutter: ">=1.12.13+hotfix.6 <2.0.0"
